
Microsoft Visual Studio Solution File, Format Version 12.00
# Visual Studio Version 17
VisualStudioVersion = 17.10.35013.160
MinimumVisualStudioVersion = 10.0.40219.1
Project("{9A19103F-16F7-4668-BE54-9A1E7A4F7556}") = "BulkyWeb", "BulkyWeb\BulkyWeb.csproj", "{BE76621A-27F8-4915-863D-AEF0A867379A}"
EndProject
Project("{9A19103F-16F7-4668-BE54-9A1E7A4F7556}") = "BulkyWebRazor_Temp", "BulkyWebRazor_Temp\BulkyWebRazor_Temp.csproj", "{C218A306-87E1-4A77-A5A1-90992AF0328E}"
EndProject
Project("{9A19103F-16F7-4668-BE54-9A1E7A4F7556}") = "Bulky.DataAccess", "Bulky.DataAccess\Bulky.DataAccess.csproj", "{D6D47F39-089C-431B-A661-9DD1A3B34FE5}"
EndProject
Project("{9A19103F-16F7-4668-BE54-9A1E7A4F7556}") = "Bulky.Utility", "Bulky.Utility\Bulky.Utility.csproj", "{F448CFAD-0C50-4D91-9094-D1DBFF700B4E}"
EndProject
Project("{9A19103F-16F7-4668-BE54-9A1E7A4F7556}") = "Bulky.Models", "Bulky.Models\Bulky.Models.csproj", "{44902241-9BBC-44D0-9032-FCEB77012B96}"
EndProject
Project("{FAE04EC0-301F-11D3-BF4B-00C04F79EFBC}") = "Bulky.Tests", "Bulky.Tests\Bulky.Tests.csproj", "{F29BA62C-672E-4A3E-AF20-57E9D795FFD7}"
EndProject
Global
	GlobalSection(SolutionConfigurationPlatforms) = preSolution
		Debug|Any CPU = Debug|Any CPU
		Release|Any CPU = Release|Any CPU
	EndGlobalSection
	GlobalSection(ProjectConfigurationPlatforms) = postSolution
		{BE76621A-27F8-4915-863D-AEF0A867379A}.Debug|Any CPU.ActiveCfg = Debug|Any CPU
		{BE76621A-27F8-4915-863D-AEF0A867379A}.Debug|Any CPU.Build.0 = Debug|Any CPU
		{BE76621A-27F8-4915-863D-AEF0A867379A}.Release|Any CPU.ActiveCfg = Release|Any CPU
		{BE76621A-27F8-4915-863D-AEF0A867379A}.Release|Any CPU.Build.0 = Release|Any CPU
		{C218A306-87E1-4A77-A5A1-90992AF0328E}.Debug|Any CPU.ActiveCfg = Debug|Any CPU
		{C218A306-87E1-4A77-A5A1-90992AF0328E}.Debug|Any CPU.Build.0 = Debug|Any CPU
		{C218A306-87E1-4A77-A5A1-90992AF0328E}.Release|Any CPU.ActiveCfg = Release|Any CPU
		{C218A306-87E1-4A77-A5A1-90992AF0328E}.Release|Any CPU.Build.0 = Release|Any CPU
		{D6D47F39-089C-431B-A661-9DD1A3B34FE5}.Debug|Any CPU.ActiveCfg = Debug|Any CPU
		{D6D47F39-089C-431B-A661-9DD1A3B34FE5}.Debug|Any CPU.Build.0 = Debug|Any CPU
		{D6D47F39-089C-431B-A661-9DD1A3B34FE5}.Release|Any CPU.ActiveCfg = Release|Any CPU
		{D6D47F39-089C-431B-A661-9DD1A3B34FE5}.Release|Any CPU.Build.0 = Release|Any CPU
		{F448CFAD-0C50-4D91-9094-D1DBFF700B4E}.Debug|Any CPU.ActiveCfg = Debug|Any CPU
		{F448CFAD-0C50-4D91-9094-D1DBFF700B4E}.Debug|Any CPU.Build.0 = Debug|Any CPU
		{F448CFAD-0C50-4D91-9094-D1DBFF700B4E}.Release|Any CPU.ActiveCfg = Release|Any CPU
		{F448CFAD-0C50-4D91-9094-D1DBFF700B4E}.Release|Any CPU.Build.0 = Release|Any CPU
		{44902241-9BBC-44D0-9032-FCEB77012B96}.Debug|Any CPU.ActiveCfg = Debug|Any CPU
		{44902241-9BBC-44D0-9032-FCEB77012B96}.Debug|Any CPU.Build.0 = Debug|Any CPU
		{44902241-9BBC-44D0-9032-FCEB77012B96}.Release|Any CPU.ActiveCfg = Release|Any CPU
		{44902241-9BBC-44D0-9032-FCEB77012B96}.Release|Any CPU.Build.0 = Release|Any CPU
		{F29BA62C-672E-4A3E-AF20-57E9D795FFD7}.Debug|Any CPU.ActiveCfg = Debug|Any CPU
		{F29BA62C-672E-4A3E-AF20-57E9D795FFD7}.Debug|Any CPU.Build.0 = Debug|Any CPU
		{F29BA62C-672E-4A3E-AF20-57E9D795FFD7}.Release|Any CPU.ActiveCfg = Release|Any CPU
		{F29BA62C-672E-4A3E-AF20-57E9D795FFD7}.Release|Any CPU.Build.0 = Release|Any CPU
	EndGlobalSection
	GlobalSection(SolutionProperties) = preSolution
		HideSolutionNode = FALSE
	EndGlobalSection
	GlobalSection(ExtensibilityGlobals) = postSolution
		SolutionGuid = {55299458-C978-42FD-8778-59A2C84DC613}
	EndGlobalSection
EndGlobal
